Microsoft Visual Studio Solution File, Format Version 12.00
# Visual Studio Version 17
VisualStudioVersion = 17.5.2.0
MinimumVisualStudioVersion = 10.0.40219.1
Project("{FAE04EC0-301F-11D3-BF4B-00C04F79EFBC}") = "ProjectMod1DevOps", "ProjectMod1DevOps\ProjectMod1DevOps.csproj", "{9840B1F1-4D0D-F059-41B9-4BA9DA9E76C8}"
EndProject
Project("{2150E333-8FDC-42A3-9474-1A3956D46DE8}") = "Solution Items", "Solution Items", "{EE00401B-B1C7-4B31-BA0A-93B4268F9961}"
	ProjectSection(SolutionItems) = preProject
		compose.yaml = compose.yaml
	EndProjectSection
EndProject
Global
	GlobalSection(SolutionConfigurationPlatforms) = preSolution
		Debug|Any CPU = Debug|Any CPU
		Release|Any CPU = Release|Any CPU
	EndGlobalSection
	GlobalSection(ProjectConfigurationPlatforms) = postSolution
		{9840B1F1-4D0D-F059-41B9-4BA9DA9E76C8}.Debug|Any CPU.ActiveCfg = Debug|Any CPU
		{9840B1F1-4D0D-F059-41B9-4BA9DA9E76C8}.Debug|Any CPU.Build.0 = Debug|Any CPU
		{9840B1F1-4D0D-F059-41B9-4BA9DA9E76C8}.Release|Any CPU.ActiveCfg = Release|Any CPU
		{9840B1F1-4D0D-F059-41B9-4BA9DA9E76C8}.Release|Any CPU.Build.0 = Release|Any CPU
	EndGlobalSection
	GlobalSection(SolutionProperties) = preSolution
		HideSolutionNode = FALSE
	EndGlobalSection
	GlobalSection(ExtensibilityGlobals) = postSolution
		SolutionGuid = {0CBE43F0-4EAD-4A51-AF60-C78A381D72F8}
	EndGlobalSection
EndGlobal
